
Microsoft Visual Studio Solution File, Format Version 12.00
# Visual Studio Version 17
VisualStudioVersion = 17.14.37301.10 d17.14
MinimumVisualStudioVersion = 10.0.40219.1
Project("{FAE04EC0-301F-11D3-BF4B-00C04F79EFBC}") = "ConsoleApp2", "ConsoleApp2\ConsoleApp2.csproj", "{649FF8A2-7F4D-41B7-B849-D6766D8B0BDA}"
EndProject
Global
	GlobalSection(SolutionConfigurationPlatforms) = preSolution
		Debug|Any CPU = Debug|Any CPU
		Release|Any CPU = Release|Any CPU
	EndGlobalSection
	GlobalSection(ProjectConfigurationPlatforms) = postSolution
		{649FF8A2-7F4D-41B7-B849-D6766D8B0BDA}.Debug|Any CPU.ActiveCfg = Debug|Any CPU
		{649FF8A2-7F4D-41B7-B849-D6766D8B0BDA}.Debug|Any CPU.Build.0 = Debug|Any CPU
		{649FF8A2-7F4D-41B7-B849-D6766D8B0BDA}.Release|Any CPU.ActiveCfg = Release|Any CPU
		{649FF8A2-7F4D-41B7-B849-D6766D8B0BDA}.Release|Any CPU.Build.0 = Release|Any CPU
	EndGlobalSection
	GlobalSection(SolutionProperties) = preSolution
		HideSolutionNode = FALSE
	EndGlobalSection
	GlobalSection(ExtensibilityGlobals) = postSolution
		SolutionGuid = {AD97C600-B4BF-453B-98B3-CE74383E0A9D}
	EndGlobalSection
EndGlobal
